
Microsoft Visual Studio Solution File, Format Version 12.00
# Visual Studio Version 16
VisualStudioVersion = 16.0.31105.61
MinimumVisualStudioVersion = 10.0.40219.1
Project("{FAE04EC0-301F-11D3-BF4B-00C04F79EFBC}") = "Guia17", "Guia17.csproj", "{76A189D3-2EA0-4CFA-B33A-FECEF0A88A68}"
EndProject
Global
	GlobalSection(SolutionConfigurationPlatforms) = preSolution
		Debug|Any CPU = Debug|Any CPU
		Release|Any CPU = Release|Any CPU
	EndGlobalSection
	GlobalSection(ProjectConfigurationPlatforms) = postSolution
		{76A189D3-2EA0-4CFA-B33A-FECEF0A88A68}.Debug|Any CPU.ActiveCfg = Debug|Any CPU
		{76A189D3-2EA0-4CFA-B33A-FECEF0A88A68}.Debug|Any CPU.Build.0 = Debug|Any CPU
		{76A189D3-2EA0-4CFA-B33A-FECEF0A88A68}.Release|Any CPU.ActiveCfg = Release|Any CPU
		{76A189D3-2EA0-4CFA-B33A-FECEF0A88A68}.Release|Any CPU.Build.0 = Release|Any CPU
	EndGlobalSection
	GlobalSection(SolutionProperties) = preSolution
		HideSolutionNode = FALSE
	EndGlobalSection
	GlobalSection(ExtensibilityGlobals) = postSolution
		SolutionGuid = {189E6CE9-420F-4E40-AA7B-AAC54D61B240}
	EndGlobalSection
EndGlobal
