
Microsoft Visual Studio Solution File, Format Version 12.00
# Visual Studio Version 16
VisualStudioVersion = 16.0.31105.61
MinimumVisualStudioVersion = 10.0.40219.1
Project("{FAE04EC0-301F-11D3-BF4B-00C04F79EFBC}") = "Guia15", "Guia15.csproj", "{FDC68CED-39DF-4147-B93D-AEBBA0B04949}"
EndProject
Global
	GlobalSection(SolutionConfigurationPlatforms) = preSolution
		Debug|Any CPU = Debug|Any CPU
		Release|Any CPU = Release|Any CPU
	EndGlobalSection
	GlobalSection(ProjectConfigurationPlatforms) = postSolution
		{FDC68CED-39DF-4147-B93D-AEBBA0B04949}.Debug|Any CPU.ActiveCfg = Debug|Any CPU
		{FDC68CED-39DF-4147-B93D-AEBBA0B04949}.Debug|Any CPU.Build.0 = Debug|Any CPU
		{FDC68CED-39DF-4147-B93D-AEBBA0B04949}.Release|Any CPU.ActiveCfg = Release|Any CPU
		{FDC68CED-39DF-4147-B93D-AEBBA0B04949}.Release|Any CPU.Build.0 = Release|Any CPU
	EndGlobalSection
	GlobalSection(SolutionProperties) = preSolution
		HideSolutionNode = FALSE
	EndGlobalSection
	GlobalSection(ExtensibilityGlobals) = postSolution
		SolutionGuid = {714CF564-4670-46E9-8566-25863D5DB654}
	EndGlobalSection
EndGlobal
