
Microsoft Visual Studio Solution File, Format Version 12.00
# Visual Studio Version 16
VisualStudioVersion = 16.0.31105.61
MinimumVisualStudioVersion = 10.0.40219.1
Project("{FAE04EC0-301F-11D3-BF4B-00C04F79EFBC}") = "Guia3", "Guia3.csproj", "{19E8260D-DB5A-4FBD-8BCA-BA7254DEFADD}"
EndProject
Global
	GlobalSection(SolutionConfigurationPlatforms) = preSolution
		Debug|Any CPU = Debug|Any CPU
		Release|Any CPU = Release|Any CPU
	EndGlobalSection
	GlobalSection(ProjectConfigurationPlatforms) = postSolution
		{19E8260D-DB5A-4FBD-8BCA-BA7254DEFADD}.Debug|Any CPU.ActiveCfg = Debug|Any CPU
		{19E8260D-DB5A-4FBD-8BCA-BA7254DEFADD}.Debug|Any CPU.Build.0 = Debug|Any CPU
		{19E8260D-DB5A-4FBD-8BCA-BA7254DEFADD}.Release|Any CPU.ActiveCfg = Release|Any CPU
		{19E8260D-DB5A-4FBD-8BCA-BA7254DEFADD}.Release|Any CPU.Build.0 = Release|Any CPU
	EndGlobalSection
	GlobalSection(SolutionProperties) = preSolution
		HideSolutionNode = FALSE
	EndGlobalSection
	GlobalSection(ExtensibilityGlobals) = postSolution
		SolutionGuid = {8D7A5DBE-D3E6-46AF-BBF9-F11BDEF05769}
	EndGlobalSection
EndGlobal
