
Microsoft Visual Studio Solution File, Format Version 12.00
# Visual Studio Version 16
VisualStudioVersion = 16.0.31105.61
MinimumVisualStudioVersion = 10.0.40219.1
Project("{FAE04EC0-301F-11D3-BF4B-00C04F79EFBC}") = "Guia4", "Guia4.csproj", "{92AAD6BF-3676-4DE7-BB88-2CD7D293920A}"
EndProject
Global
	GlobalSection(SolutionConfigurationPlatforms) = preSolution
		Debug|Any CPU = Debug|Any CPU
		Release|Any CPU = Release|Any CPU
	EndGlobalSection
	GlobalSection(ProjectConfigurationPlatforms) = postSolution
		{92AAD6BF-3676-4DE7-BB88-2CD7D293920A}.Debug|Any CPU.ActiveCfg = Debug|Any CPU
		{92AAD6BF-3676-4DE7-BB88-2CD7D293920A}.Debug|Any CPU.Build.0 = Debug|Any CPU
		{92AAD6BF-3676-4DE7-BB88-2CD7D293920A}.Release|Any CPU.ActiveCfg = Release|Any CPU
		{92AAD6BF-3676-4DE7-BB88-2CD7D293920A}.Release|Any CPU.Build.0 = Release|Any CPU
	EndGlobalSection
	GlobalSection(SolutionProperties) = preSolution
		HideSolutionNode = FALSE
	EndGlobalSection
	GlobalSection(ExtensibilityGlobals) = postSolution
		SolutionGuid = {52C8864A-D41D-49B9-A31A-E5814B2EF0CA}
	EndGlobalSection
EndGlobal
